
Microsoft Visual Studio Solution File, Format Version 12.00
# Visual Studio Version 17
VisualStudioVersion = 17.4.33205.214
MinimumVisualStudioVersion = 10.0.40219.1
Project("{9A19103F-16F7-4668-BE54-9A1E7A4F7556}") = "CraftingLibTest", "CraftingLibTest.csproj", "{A2A210C0-693A-478C-9A1E-635A0DB21C72}"
EndProject
Global
	GlobalSection(SolutionConfigurationPlatforms) = preSolution
		Debug|Any CPU = Debug|Any CPU
		Release|Any CPU = Release|Any CPU
	EndGlobalSection
	GlobalSection(ProjectConfigurationPlatforms) = postSolution
		{A2A210C0-693A-478C-9A1E-635A0DB21C72}.Debug|Any CPU.ActiveCfg = Debug|Any CPU
		{A2A210C0-693A-478C-9A1E-635A0DB21C72}.Debug|Any CPU.Build.0 = Debug|Any CPU
		{A2A210C0-693A-478C-9A1E-635A0DB21C72}.Release|Any CPU.ActiveCfg = Release|Any CPU
		{A2A210C0-693A-478C-9A1E-635A0DB21C72}.Release|Any CPU.Build.0 = Release|Any CPU
	EndGlobalSection
	GlobalSection(SolutionProperties) = preSolution
		HideSolutionNode = FALSE
	EndGlobalSection
	GlobalSection(ExtensibilityGlobals) = postSolution
		SolutionGuid = {065712B8-599C-469B-8C4E-34D65237EB1B}
	EndGlobalSection
EndGlobal
